// !$*UTF8*$!
{
	archiveVersion = 1;
	classes = {
	};
	objectVersion = 48;
	objects = {

/* Begin PBXBuildFile section */
		A9E8ABD61F6FD27E00ECD3B1 /* AppDelegate.swift in Sources */ = {isa = PBXBuildFile; fileRef = A9E8ABD51F6FD27E00ECD3B1 /* AppDelegate.swift */; };
		A9E8ABD81F6FD27E00ECD3B1 /* ViewController.swift in Sources */ = {isa = PBXBuildFile; fileRef = A9E8ABD71F6FD27E00ECD3B1 /* ViewController.swift */; };
		A9E8ABDB1F6FD27E00ECD3B1 /* Main.storyboard in Resources */ = {isa = PBXBuildFile; fileRef = A9E8ABD91F6FD27E00ECD3B1 /* Main.storyboard */; };
		A9E8ABDD1F6FD27E00ECD3B1 /* Assets.xcassets in Resources */ = {isa = PBXBuildFile; fileRef = A9E8ABDC1F6FD27E00ECD3B1 /* Assets.xcassets */; };
		A9E8ABE01F6FD27E00ECD3B1 /* LaunchScreen.storyboard in Resources */ = {isa = PBXBuildFile; fileRef = A9E8ABDE1F6FD27E00ECD3B1 /* LaunchScreen.storyboard */; };
		A9E8ABE81F6FDEB900ECD3B1 /* ArticalCell.swift in Sources */ = {isa = PBXBuildFile; fileRef = A9E8ABE71F6FDEB900ECD3B1 /* ArticalCell.swift */; };
		A9E8ABEA1F6FE12E00ECD3B1 /* Article.swift in Sources */ = {isa = PBXBuildFile; fileRef = A9E8ABE91F6FE12E00ECD3B1 /* Article.swift */; };
/* End PBXBuildFile section */

/* Begin PBXFileReference section */
		A9E8ABD21F6FD27E00ECD3B1 /* newsReader.app */ = {isa = PBXFileReference; explicitFileType = wrapper.application; includeInIndex = 0; path = newsReader.app; sourceTree = BUILT_PRODUCTS_DIR; };
		A9E8ABD51F6FD27E00ECD3B1 /* AppDelegate.swift */ = {isa = PBXFileReference; lastKnownFileType = sourcecode.swift; path = AppDelegate.swift; sourceTree = "<group>"; };
		A9E8ABD71F6FD27E00ECD3B1 /* ViewController.swift */ = {isa = PBXFileReference; lastKnownFileType = sourcecode.swift; path = ViewController.swift; sourceTree = "<group>"; };
		A9E8ABDA1F6FD27E00ECD3B1 /* Base */ = {isa = PBXFileReference; lastKnownFileType = file.storyboard; name = Base; path = Base.lproj/Main.storyboard; sourceTree = "<group>"; };
		A9E8ABDC1F6FD27E00ECD3B1 /* Assets.xcassets */ = {isa = PBXFileReference; lastKnownFileType = folder.assetcatalog; path = Assets.xcassets; sourceTree = "<group>"; };
		A9E8ABDF1F6FD27E00ECD3B1 /* Base */ = {isa = PBXFileReference; lastKnownFileType = file.storyboard; name = Base; path = Base.lproj/LaunchScreen.storyboard; sourceTree = "<group>"; };
		A9E8ABE11F6FD27E00ECD3B1 /* Info.plist */ = {isa = PBXFileReference; lastKnownFileType = text.plist.xml; path = Info.plist; sourceTree = "<group>"; };
		A9E8ABE71F6FDEB900ECD3B1 /* ArticalCell.swift */ = {isa = PBXFileReference; lastKnownFileType = sourcecode.swift; path = ArticalCell.swift; sourceTree = "<group>"; };
		A9E8ABE91F6FE12E00ECD3B1 /* Article.swift */ = {isa = PBXFileReference; lastKnownFileType = sourcecode.swift; path = Article.swift; sourceTree = "<group>"; };
/* End PBXFileReference section */

/* Begin PBXFrameworksBuildPhase section */
		A9E8ABCF1F6FD27E00ECD3B1 /* Frameworks */ = {
			isa = PBXFrameworksBuildPhase;
			buildActionMask = 2147483647;
			files = (
			);
			runOnlyForDeploymentPostprocessing = 0;
		};
/* End PBXFrameworksBuildPhase section */

/* Begin PBXGroup section */
		A9E8ABC91F6FD27E00ECD3B1 = {
			isa = PBXGroup;
			children = (
				A9E8ABD41F6FD27E00ECD3B1 /* newsReader */,
				A9E8ABD31F6FD27E00ECD3B1 /* Products */,
			);
			sourceTree = "<group>";
		};
		A9E8ABD31F6FD27E00ECD3B1 /* Products */ = {
			isa = PBXGroup;
			children = (
				A9E8ABD21F6FD27E00ECD3B1 /* newsReader.app */,
			);
			name = Products;
			sourceTree = "<group>";
		};
		A9E8ABD41F6FD27E00ECD3B1 /* newsReader */ = {
			isa = PBXGroup;
			children = (
				A9E8ABD51F6FD27E00ECD3B1 /* AppDelegate.swift */,
				A9E8ABD71F6FD27E00ECD3B1 /* ViewController.swift */,
				A9E8ABD91F6FD27E00ECD3B1 /* Main.storyboard */,
				A9E8ABDC1F6FD27E00ECD3B1 /* Assets.xcassets */,
				A9E8ABDE1F6FD27E00ECD3B1 /* LaunchScreen.storyboard */,
				A9E8ABE11F6FD27E00ECD3B1 /* Info.plist */,
				A9E8ABE71F6FDEB900ECD3B1 /* ArticalCell.swift */,
				A9E8ABE91F6FE12E00ECD3B1 /* Article.swift */,
			);
			path = newsReader;
			sourceTree = "<group>";
		};
/* End PBXGroup section */

/* Begin PBXNativeTarget section */
		A9E8ABD11F6FD27E00ECD3B1 /* newsReader */ = {
			isa = PBXNativeTarget;
			buildConfigurationList = A9E8ABE41F6FD27E00ECD3B1 /* Build configuration list for PBXNativeTarget "newsReader" */;
			buildPhases = (
				A9E8ABCE1F6FD27E00ECD3B1 /* Sources */,
				A9E8ABCF1F6FD27E00ECD3B1 /* Frameworks */,
				A9E8ABD01F6FD27E00ECD3B1 /* Resources */,
			);
			buildRules = (
			);
			dependencies = (
			);
			name = newsReader;
			productName = newsReader;
			productReference = A9E8ABD21F6FD27E00ECD3B1 /* newsReader.app */;
			productType = "com.apple.product-type.application";
		};
/* End PBXNativeTarget section */

/* Begin PBXProject section */
		A9E8ABCA1F6FD27E00ECD3B1 /* Project object */ = {
			isa = PBXProject;
			attributes = {
				LastSwiftUpdateCheck = 0900;
				LastUpgradeCheck = 0900;
				ORGANIZATIONNAME = "Ahmad Ahrbi";
				TargetAttributes = {
					A9E8ABD11F6FD27E00ECD3B1 = {
						CreatedOnToolsVersion = 9.0;
						ProvisioningStyle = Automatic;
					};
				};
			};
			buildConfigurationList = A9E8ABCD1F6FD27E00ECD3B1 /* Build configuration list for PBXProject "newsReader" */;
			compatibilityVersion = "Xcode 8.0";
			developmentRegion = en;
			hasScannedForEncodings = 0;
			knownRegions = (
				en,
				Base,
			);
			mainGroup = A9E8ABC91F6FD27E00ECD3B1;
			productRefGroup = A9E8ABD31F6FD27E00ECD3B1 /* Products */;
			projectDirPath = "";
			projectRoot = "";
			targets = (
				A9E8ABD11F6FD27E00ECD3B1 /* newsReader */,
			);
		};
/* End PBXProject section */

/* Begin PBXResourcesBuildPhase section */
		A9E8ABD01F6FD27E00ECD3B1 /* Resources */ = {
			isa = PBXResourcesBuildPhase;
			buildActionMask = 2147483647;
			files = (
				A9E8ABE01F6FD27E00ECD3B1 /* LaunchScreen.storyboard in Resources */,
				A9E8ABDD1F6FD27E00ECD3B1 /* Assets.xcassets in Resources */,
				A9E8ABDB1F6FD27E00ECD3B1 /* Main.storyboard in Resources */,
			);
			runOnlyForDeploymentPostprocessing = 0;
		};
/* End PBXResourcesBuildPhase section */

/* Begin PBXSourcesBuildPhase section */
		A9E8ABCE1F6FD27E00ECD3B1 /* Sources */ = {
			isa = PBXSourcesBuildPhase;
			buildActionMask = 2147483647;
			files = (
				A9E8ABEA1F6FE12E00ECD3B1 /* Article.swift in Sources */,
				A9E8ABD81F6FD27E00ECD3B1 /* ViewController.swift in Sources */,
				A9E8ABD61F6FD27E00ECD3B1 /* AppDelegate.swift in Sources */,
				A9E8ABE81F6FDEB900ECD3B1 /* ArticalCell.swift in Sources */,
			);
			runOnlyForDeploymentPostprocessing = 0;
		};
/* End PBXSourcesBuildPhase section */

/* Begin PBXVariantGroup section */
		A9E8ABD91F6FD27E00ECD3B1 /* Main.storyboard */ = {
			isa = PBXVariantGroup;
			children = (
				A9E8ABDA1F6FD27E00ECD3B1 /* Base */,
			);
			name = Main.storyboard;
			sourceTree = "<group>";
		};
		A9E8ABDE1F6FD27E00ECD3B1 /* LaunchScreen.storyboard */ = {
			isa = PBXVariantGroup;
			children = (
				A9E8ABDF1F6FD27E00ECD3B1 /* Base */,
			);
			name = LaunchScreen.storyboard;
			sourceTree = "<group>";
		};
/* End PBXVariantGroup section */

/* Begin XCBuildConfiguration section */
		A9E8ABE21F6FD27E00ECD3B1 /* Debug */ = {
			isa = XCBuildConfiguration;
			buildSettings = {
				ALWAYS_SEARCH_USER_PATHS = NO;
				CLANG_ANALYZER_NONNULL = YES;
				CLANG_ANALYZER_NUMBER_OBJECT_CONVERSION = YES_AGGRESSIVE;
				CLANG_CXX_LANGUAGE_STANDARD = "gnu++14";
				CLANG_CXX_LIBRARY = "libc++";
				CLANG_ENABLE_MODULES = YES;
				CLANG_ENABLE_OBJC_ARC = YES;
				CLANG_WARN_BLOCK_CAPTURE_AUTORELEASING = YES;
				CLANG_WARN_BOOL_CONVERSION = YES;
				CLANG_WARN_COMMA = YES;
				CLANG_WARN_CONSTANT_CONVERSION = YES;
				CLANG_WARN_DIRECT_OBJC_ISA_USAGE = YES_ERROR;
				CLANG_WARN_DOCUMENTATION_COMMENTS = YES;
				CLANG_WARN_EMPTY_BODY = YES;
				CLANG_WARN_ENUM_CONVERSION = YES;
				CLANG_WARN_INFINITE_RECURSION = YES;
				CLANG_WARN_INT_CONVERSION = YES;
				CLANG_WARN_NON_LITERAL_NULL_CONVERSION = YES;
				CLANG_WARN_OBJC_LITERAL_CONVERSION = YES;
				CLANG_WARN_OBJC_ROOT_CLASS = YES_ERROR;
				CLANG_WARN_RANGE_LOOP_ANALYSIS = YES;
				CLANG_WARN_STRICT_PROTOTYPES = YES;
				CLANG_WARN_SUSPICIOUS_MOVE = YES;
				CLANG_WARN_UNGUARDED_AVAILABILITY = YES_AGGRESSIVE;
				CLANG_WARN_UNREACHABLE_CODE = YES;
				CLANG_WARN__DUPLICATE_METHOD_MATCH = YES;
				CODE_SIGN_IDENTITY = "iPhone Developer";
				COPY_PHASE_STRIP = NO;
				DEBUG_INFORMATION_FORMAT = dwarf;
				ENABLE_STRICT_OBJC_MSGSEND = YES;
				ENABLE_TESTABILITY = YES;
				GCC_C_LANGUAGE_STANDARD = gnu11;
				GCC_DYNAMIC_NO_PIC = NO;
				GCC_NO_COMMON_BLOCKS = YES;
				GCC_OPTIMIZATION_LEVEL = 0;
				GCC_PREPROCESSOR_DEFINITIONS = (
					"DEBUG=1",
					"$(inherited)",
				);
				GCC_WARN_64_TO_32_BIT_CONVERSION = YES;
				GCC_WARN_ABOUT_RETURN_TYPE = YES_ERROR;
				GCC_WARN_UNDECLARED_SELECTOR = YES;
				GCC_WARN_UNINITIALIZED_AUTOS = YES_AGGRESSIVE;
				GCC_WARN_UNUSED_FUNCTION = YES;
				GCC_WARN_UNUSED_VARIABLE = YES;
				IPHONEOS_DEPLOYMENT_TARGET = 11.0;
				MTL_ENABLE_DEBUG_INFO = YES;
				ONLY_ACTIVE_ARCH = YES;
				SDKROOT = iphoneos;
				SWIFT_ACTIVE_COMPILATION_CONDITIONS = DEBUG;
				SWIFT_OPTIMIZATION_LEVEL = "-Onone";
			};
			name = Debug;
		};
		A9E8ABE31F6FD27E00ECD3B1 /* Release */ = {
			isa = XCBuildConfiguration;
			buildSettings = {
				ALWAYS_SEARCH_USER_PATHS = NO;
				CLANG_ANALYZER_NONNULL = YES;
				CLANG_ANALYZER_NUMBER_OBJECT_CONVERSION = YES_AGGRESSIVE;
				CLANG_CXX_LANGUAGE_STANDARD = "gnu++14";
				CLANG_CXX_LIBRARY = "libc++";
				CLANG_ENABLE_MODULES = YES;
				CLANG_ENABLE_OBJC_ARC = YES;
				CLANG_WARN_BLOCK_CAPTURE_AUTORELEASING = YES;
				CLANG_WARN_BOOL_CONVERSION = YES;
				CLANG_WARN_COMMA = YES;
				CLANG_WARN_CONSTANT_CONVERSION = YES;
				CLANG_WARN_DIRECT_OBJC_ISA_USAGE = YES_ERROR;
				CLANG_WARN_DOCUMENTATION_COMMENTS = YES;
				CLANG_WARN_EMPTY_BODY = YES;
				CLANG_WARN_ENUM_CONVERSION = YES;
				CLANG_WARN_INFINITE_RECURSION = YES;
				CLANG_WARN_INT_CONVERSION = YES;
				CLANG_WARN_NON_LITERAL_NULL_CONVERSION = YES;
				CLANG_WARN_OBJC_LITERAL_CONVERSION = YES;
				CLANG_WARN_OBJC_ROOT_CLASS = YES_ERROR;
				CLANG_WARN_RANGE_LOOP_ANALYSIS = YES;
				CLANG_WARN_STRICT_PROTOTYPES = YES;
				CLANG_WARN_SUSPICIOUS_MOVE = YES;
				CLANG_WARN_UNGUARDED_AVAILABILITY = YES_AGGRESSIVE;
				CLANG_WARN_UNREACHABLE_CODE = YES;
				CLANG_WARN__DUPLICATE_METHOD_MATCH = YES;
				CODE_SIGN_IDENTITY = "iPhone Developer";
				COPY_PHASE_STRIP = NO;
				DEBUG_INFORMATION_FORMAT = "dwarf-with-dsym";
				ENABLE_NS_ASSERTIONS = NO;
				ENABLE_STRICT_OBJC_MSGSEND = YES;
				GCC_C_LANGUAGE_STANDARD = gnu11;
				GCC_NO_COMMON_BLOCKS = YES;
				GCC_WARN_64_TO_32_BIT_CONVERSION = YES;
				GCC_WARN_ABOUT_RETURN_TYPE = YES_ERROR;
				GCC_WARN_UNDECLARED_SELECTOR = YES;
				GCC_WARN_UNINITIALIZED_AUTOS = YES_AGGRESSIVE;
				GCC_WARN_UNUSED_FUNCTION = YES;
				GCC_WARN_UNUSED_VARIABLE = YES;
				IPHONEOS_DEPLOYMENT_TARGET = 11.0;
				MTL_ENABLE_DEBUG_INFO = NO;
				SDKROOT = iphoneos;
				SWIFT_OPTIMIZATION_LEVEL = "-Owholemodule";
				VALIDATE_PRODUCT = YES;
			};
			name = Release;
		};
		A9E8ABE51F6FD27E00ECD3B1 /* Debug */ = {
			isa = XCBuildConfiguration;
			buildSettings = {
				ASSETCATALOG_COMPILER_APPICON_NAME = AppIcon;
				CODE_SIGN_STYLE = Automatic;
				DEVELOPMENT_TEAM = D693AQV5FR;
				INFOPLIST_FILE = newsReader/Info.plist;
				IPHONEOS_DEPLOYMENT_TARGET = 8.0;
				LD_RUNPATH_SEARCH_PATHS = "$(inherited) @executable_path/Frameworks";
				PRODUCT_BUNDLE_IDENTIFIER = com.AA.newsReader;
				PRODUCT_NAME = "$(TARGET_NAME)";
				SWIFT_VERSION = 4.0;
				TARGETED_DEVICE_FAMILY = "1,2";
			};
			name = Debug;
		};
		A9E8ABE61F6FD27E00ECD3B1 /* Release */ = {
			isa = XCBuildConfiguration;
			buildSettings = {
				ASSETCATALOG_COMPILER_APPICON_NAME = AppIcon;
				CODE_SIGN_STYLE = Automatic;
				DEVELOPMENT_TEAM = D693AQV5FR;
				INFOPLIST_FILE = newsReader/Info.plist;
				IPHONEOS_DEPLOYMENT_TARGET = 8.0;
				LD_RUNPATH_SEARCH_PATHS = "$(inherited) @executable_path/Frameworks";
				PRODUCT_BUNDLE_IDENTIFIER = com.AA.newsReader;
				PRODUCT_NAME = "$(TARGET_NAME)";
				SWIFT_VERSION = 4.0;
				TARGETED_DEVICE_FAMILY = "1,2";
			};
			name = Release;
		};
/* End XCBuildConfiguration section */

/* Begin XCConfigurationList section */
		A9E8ABCD1F6FD27E00ECD3B1 /* Build configuration list for PBXProject "newsReader" */ = {
			isa = XCConfigurationList;
			buildConfigurations = (
				A9E8ABE21F6FD27E00ECD3B1 /* Debug */,
				A9E8ABE31F6FD27E00ECD3B1 /* Release */,
			);
			defaultConfigurationIsVisible = 0;
			defaultConfigurationName = Release;
		};
		A9E8ABE41F6FD27E00ECD3B1 /* Build configuration list for PBXNativeTarget "newsReader" */ = {
			isa = XCConfigurationList;
			buildConfigurations = (
				A9E8ABE51F6FD27E00ECD3B1 /* Debug */,
				A9E8ABE61F6FD27E00ECD3B1 /* Release */,
			);
			defaultConfigurationIsVisible = 0;
			defaultConfigurationName = Release;
		};
/* End XCConfigurationList section */
	};
	rootObject = A9E8ABCA1F6FD27E00ECD3B1 /* Project object */;
}
